
Microsoft Visual Studio Solution File, Format Version 12.00
# Visual Studio Version 17
VisualStudioVersion = 17.14.36414.22 d17.14
MinimumVisualStudioVersion = 10.0.40219.1
Project("{8BC9CEB8-8B4A-11D0-8D11-00A0C91BC942}") = "Chapter 2 Exercise 20 - How Much Paint", "Chapter 2 Exercise 20 - How Much Paint.vcxproj", "{66D15C19-2B85-4D1D-AF56-CAE69A106459}"
EndProject
Global
	GlobalSection(SolutionConfigurationPlatforms) = preSolution
		Debug|x64 = Debug|x64
		Debug|x86 = Debug|x86
		Release|x64 = Release|x64
		Release|x86 = Release|x86
	EndGlobalSection
	GlobalSection(ProjectConfigurationPlatforms) = postSolution
		{66D15C19-2B85-4D1D-AF56-CAE69A106459}.Debug|x64.ActiveCfg = Debug|x64
		{66D15C19-2B85-4D1D-AF56-CAE69A106459}.Debug|x64.Build.0 = Debug|x64
		{66D15C19-2B85-4D1D-AF56-CAE69A106459}.Debug|x86.ActiveCfg = Debug|Win32
		{66D15C19-2B85-4D1D-AF56-CAE69A106459}.Debug|x86.Build.0 = Debug|Win32
		{66D15C19-2B85-4D1D-AF56-CAE69A106459}.Release|x64.ActiveCfg = Release|x64
		{66D15C19-2B85-4D1D-AF56-CAE69A106459}.Release|x64.Build.0 = Release|x64
		{66D15C19-2B85-4D1D-AF56-CAE69A106459}.Release|x86.ActiveCfg = Release|Win32
		{66D15C19-2B85-4D1D-AF56-CAE69A106459}.Release|x86.Build.0 = Release|Win32
	EndGlobalSection
	GlobalSection(SolutionProperties) = preSolution
		HideSolutionNode = FALSE
	EndGlobalSection
	GlobalSection(ExtensibilityGlobals) = postSolution
		SolutionGuid = {28BEAF5C-99E6-4114-8EFC-CA92AD4A4FEF}
	EndGlobalSection
EndGlobal
